
Microsoft Visual Studio Solution File, Format Version 12.00
# Visual Studio 14
VisualStudioVersion = 14.0.25420.1
MinimumVisualStudioVersion = 10.0.40219.1
Project("{FAE04EC0-301F-11D3-BF4B-00C04F79EFBC}") = "EADN.Semester.Quiz.Persistence", "EADN.Semester.Quiz.Persistence\EADN.Semester.Quiz.Persistence.csproj", "{32437583-8268-48F9-AA56-B993C0694C4A}"
EndProject
Project("{FAE04EC0-301F-11D3-BF4B-00C04F79EFBC}") = "EADN.Semester.Quiz.Common", "EADN.Semester.Quiz.Common\EADN.Semester.Quiz.Common.csproj", "{0B941FBB-EA8B-4C02-8E49-19F3597A5F94}"
EndProject
Project("{FAE04EC0-301F-11D3-BF4B-00C04F79EFBC}") = "EADN.Semester.Quiz.Common.Contracts", "EADN.Semester.Quiz.Common.Contracts\EADN.Semester.Quiz.Common.Contracts.csproj", "{7C9310AD-138D-4B8F-93A9-057D29FE3C77}"
EndProject
Project("{FAE04EC0-301F-11D3-BF4B-00C04F79EFBC}") = "EADN.Semester.Quiz.Persistence.Test", "EADN.Semester.Quiz.Persistence.Test\EADN.Semester.Quiz.Persistence.Test.csproj", "{778AA46C-8281-4E5E-9488-C674275DF6B6}"
EndProject
Global
	GlobalSection(SolutionConfigurationPlatforms) = preSolution
		Debug|Any CPU = Debug|Any CPU
		Release|Any CPU = Release|Any CPU
	EndGlobalSection
	GlobalSection(ProjectConfigurationPlatforms) = postSolution
		{32437583-8268-48F9-AA56-B993C0694C4A}.Debug|Any CPU.ActiveCfg = Debug|Any CPU
		{32437583-8268-48F9-AA56-B993C0694C4A}.Debug|Any CPU.Build.0 = Debug|Any CPU
		{32437583-8268-48F9-AA56-B993C0694C4A}.Release|Any CPU.ActiveCfg = Release|Any CPU
		{32437583-8268-48F9-AA56-B993C0694C4A}.Release|Any CPU.Build.0 = Release|Any CPU
		{0B941FBB-EA8B-4C02-8E49-19F3597A5F94}.Debug|Any CPU.ActiveCfg = Debug|Any CPU
		{0B941FBB-EA8B-4C02-8E49-19F3597A5F94}.Debug|Any CPU.Build.0 = Debug|Any CPU
		{0B941FBB-EA8B-4C02-8E49-19F3597A5F94}.Release|Any CPU.ActiveCfg = Release|Any CPU
		{0B941FBB-EA8B-4C02-8E49-19F3597A5F94}.Release|Any CPU.Build.0 = Release|Any CPU
		{7C9310AD-138D-4B8F-93A9-057D29FE3C77}.Debug|Any CPU.ActiveCfg = Debug|Any CPU
		{7C9310AD-138D-4B8F-93A9-057D29FE3C77}.Debug|Any CPU.Build.0 = Debug|Any CPU
		{7C9310AD-138D-4B8F-93A9-057D29FE3C77}.Release|Any CPU.ActiveCfg = Release|Any CPU
		{7C9310AD-138D-4B8F-93A9-057D29FE3C77}.Release|Any CPU.Build.0 = Release|Any CPU
		{778AA46C-8281-4E5E-9488-C674275DF6B6}.Debug|Any CPU.ActiveCfg = Debug|Any CPU
		{778AA46C-8281-4E5E-9488-C674275DF6B6}.Debug|Any CPU.Build.0 = Debug|Any CPU
		{778AA46C-8281-4E5E-9488-C674275DF6B6}.Release|Any CPU.ActiveCfg = Release|Any CPU
		{778AA46C-8281-4E5E-9488-C674275DF6B6}.Release|Any CPU.Build.0 = Release|Any CPU
	EndGlobalSection
	GlobalSection(SolutionProperties) = preSolution
		HideSolutionNode = FALSE
	EndGlobalSection
EndGlobal
